{
  "name": "server",
  "version": "1.0.0",
  "lockfileVersion": 3,
  "requires": true,
  "packages": {
    "": {
      "name": "server",
      "version": "1.0.0",
      "license": "ISC",
      "dependencies": {
        "cors": "...",
        "dotenv": "...",
        "express": "..."
      },
      "devDependencies": {
        "@types/cors": "...",
        "@types/express": "...",
        "@types/node": "...",
        "tsx": "...",
        "typescript": "..."
      }
    },
    "...": {},
    "node_modules/@types/cors": {
      "resolved": "...",
      "link": true
    },
    "node_modules/@types/express": {
      "resolved": "...",
      "link": true
    },
    "node_modules/@types/node": {
      "resolved": "...",
      "link": true
    },
    "node_modules/cors": {
      "resolved": "...",
      "link": true
    },
    "node_modules/dotenv": {
      "resolved": "...",
      "link": true
    },
    "node_modules/express": {
      "resolved": "...",
      "link": true
    },
    "node_modules/tsx": {
      "resolved": "...",
      "link": true
    },
    "node_modules/typescript": {
      "resolved": "...",
      "link": true
    }
  }
}
